{
  "name": "@jnode/ai",
  "version": "1.0.0",
  "lockfileVersion": 3,
  "requires": true,
  "packages": {
    "": {
      "name": "@jnode/ai",
      "version": "1.0.0",
      "license": "Apache-2.0",
      "dependencies": {
        "@jnode/request": "^2.1.4"
      }
    },
    "node_modules/@jnode/request": {
      "version": "2.1.4",
      "resolved": "https://registry.npmjs.org/@jnode/request/-/request-2.1.4.tgz",
      "integrity": "sha512-fxndwSB68fSZDGKKHvdQoDrK3eQzbRIMJ/GzY/w0TmVwU9Wskg2XmpStFo+eQJRtL7zbZ6VahPctbnD9eRtCdg==",
      "license": "Apache-2.0"
    }
  }
}
